
Microsoft Visual Studio Solution File, Format Version 12.00
# Visual Studio Version 17
VisualStudioVersion = 17.0.31903.59
MinimumVisualStudioVersion = 10.0.40219.1
Project("{888888A0-9F3D-457C-B088-3A5042F75D52}") = "aoc.2021.day1.part1", "aoc.2021.day1.part1\aoc.2021.day1.part1.pyproj", "{A076B38D-A957-431E-8CF6-D712AA6B68B4}"
EndProject
Project("{888888A0-9F3D-457C-B088-3A5042F75D52}") = "aoc.2021.day1.part2", "aoc.2021.day1.part2\aoc.2021.day1.part2.pyproj", "{1C6C0154-125D-475E-B04C-A89CA1A94344}"
EndProject
Project("{888888A0-9F3D-457C-B088-3A5042F75D52}") = "aoc.2021.day2.part1", "aoc.2021.day2.part1\aoc.2021.day2.part1.pyproj", "{3A3C9B8F-CF12-4F14-A128-8B9F47964F4D}"
EndProject
Project("{888888A0-9F3D-457C-B088-3A5042F75D52}") = "aoc.2021.day2.part2", "aoc.2021.day2.part2\aoc.2021.day2.part2.pyproj", "{92E9A6B5-7364-43EA-805D-76B995F1C609}"
EndProject
Project("{888888A0-9F3D-457C-B088-3A5042F75D52}") = "aoc.2021.day3.part1", "aoc.2021.day3.part1\aoc.2021.day3.part1.pyproj", "{29F890C9-05F0-471D-BDDC-2ABCF6FD36FB}"
EndProject
Project("{888888A0-9F3D-457C-B088-3A5042F75D52}") = "aoc.2021.day3.part2", "aoc.2021.day3.part2\aoc.2021.day3.part2.pyproj", "{071A4F13-4935-4BCD-BC92-37BA4AED6B95}"
EndProject
Project("{888888A0-9F3D-457C-B088-3A5042F75D52}") = "aoc.2021.day4.part1", "aoc.2021.day4.part1\aoc.2021.day4.part1.pyproj", "{C8AD495E-8FA2-42E4-AD4E-62B613D9EA59}"
EndProject
Project("{888888A0-9F3D-457C-B088-3A5042F75D52}") = "aoc.2021.day4.part2", "aoc.2021.day4.part2\aoc.2021.day4.part2.pyproj", "{B22A6BDE-BDB6-4606-9670-36DEDF5AE7A3}"
EndProject
Project("{888888A0-9F3D-457C-B088-3A5042F75D52}") = "aoc.2021.day5.part1", "aoc.2021.day5.part1\aoc.2021.day5.part1.pyproj", "{F09464B2-6142-40B3-AECA-341FE775C518}"
EndProject
Global
	GlobalSection(SolutionConfigurationPlatforms) = preSolution
		Debug|Any CPU = Debug|Any CPU
		Release|Any CPU = Release|Any CPU
	EndGlobalSection
	GlobalSection(ProjectConfigurationPlatforms) = postSolution
		{A076B38D-A957-431E-8CF6-D712AA6B68B4}.Debug|Any CPU.ActiveCfg = Debug|Any CPU
		{A076B38D-A957-431E-8CF6-D712AA6B68B4}.Release|Any CPU.ActiveCfg = Release|Any CPU
		{1C6C0154-125D-475E-B04C-A89CA1A94344}.Debug|Any CPU.ActiveCfg = Debug|Any CPU
		{1C6C0154-125D-475E-B04C-A89CA1A94344}.Release|Any CPU.ActiveCfg = Release|Any CPU
		{3A3C9B8F-CF12-4F14-A128-8B9F47964F4D}.Debug|Any CPU.ActiveCfg = Debug|Any CPU
		{3A3C9B8F-CF12-4F14-A128-8B9F47964F4D}.Release|Any CPU.ActiveCfg = Release|Any CPU
		{92E9A6B5-7364-43EA-805D-76B995F1C609}.Debug|Any CPU.ActiveCfg = Debug|Any CPU
		{92E9A6B5-7364-43EA-805D-76B995F1C609}.Release|Any CPU.ActiveCfg = Release|Any CPU
		{29F890C9-05F0-471D-BDDC-2ABCF6FD36FB}.Debug|Any CPU.ActiveCfg = Debug|Any CPU
		{29F890C9-05F0-471D-BDDC-2ABCF6FD36FB}.Release|Any CPU.ActiveCfg = Release|Any CPU
		{071A4F13-4935-4BCD-BC92-37BA4AED6B95}.Debug|Any CPU.ActiveCfg = Debug|Any CPU
		{071A4F13-4935-4BCD-BC92-37BA4AED6B95}.Release|Any CPU.ActiveCfg = Release|Any CPU
		{C8AD495E-8FA2-42E4-AD4E-62B613D9EA59}.Debug|Any CPU.ActiveCfg = Debug|Any CPU
		{C8AD495E-8FA2-42E4-AD4E-62B613D9EA59}.Release|Any CPU.ActiveCfg = Release|Any CPU
		{B22A6BDE-BDB6-4606-9670-36DEDF5AE7A3}.Debug|Any CPU.ActiveCfg = Debug|Any CPU
		{B22A6BDE-BDB6-4606-9670-36DEDF5AE7A3}.Release|Any CPU.ActiveCfg = Release|Any CPU
		{F09464B2-6142-40B3-AECA-341FE775C518}.Debug|Any CPU.ActiveCfg = Debug|Any CPU
		{F09464B2-6142-40B3-AECA-341FE775C518}.Release|Any CPU.ActiveCfg = Release|Any CPU
	EndGlobalSection
	GlobalSection(SolutionProperties) = preSolution
		HideSolutionNode = FALSE
	EndGlobalSection
	GlobalSection(ExtensibilityGlobals) = postSolution
		SolutionGuid = {664762C9-979D-4464-A7CE-0A43B447C4BA}
	EndGlobalSection
EndGlobal
